
Microsoft Visual Studio Solution File, Format Version 12.00
# Visual Studio Express 15 for Windows Desktop
VisualStudioVersion = 15.0.28307.902
MinimumVisualStudioVersion = 10.0.40219.1
Project("{FAE04EC0-301F-11D3-BF4B-00C04F79EFBC}") = "Presentation Tier", "Presentation Tier\Presentation Tier.csproj", "{F99FD0D7-4E83-45E8-9752-85237A6F7222}"
EndProject
Project("{FAE04EC0-301F-11D3-BF4B-00C04F79EFBC}") = "Data Tier", "Data Tier\Data Tier.csproj", "{369A0662-55FE-43B0-A31F-886DECFCFF32}"
EndProject
Project("{FAE04EC0-301F-11D3-BF4B-00C04F79EFBC}") = "Business", "Business\Business.csproj", "{A8C3DB05-658E-4D66-AAD3-4BB64FA27031}"
EndProject
Project("{FAE04EC0-301F-11D3-BF4B-00C04F79EFBC}") = "Entity Tier", "Entity Tier\Entity Tier.csproj", "{CE0B5C05-73CE-42BC-9299-D3B36C0048EF}"
EndProject
Project("{FAE04EC0-301F-11D3-BF4B-00C04F79EFBC}") = "Common Tier", "Common Tier\Common Tier.csproj", "{2330C4BD-BD27-4631-8499-C60AFC8BB204}"
EndProject
Project("{FAE04EC0-301F-11D3-BF4B-00C04F79EFBC}") = "Console Tier", "Console Tier\Console Tier.csproj", "{2123EC92-E2B7-4DB9-9C01-D8939CFBC444}"
EndProject
Global
	GlobalSection(SolutionConfigurationPlatforms) = preSolution
		Debug|Any CPU = Debug|Any CPU
		Release|Any CPU = Release|Any CPU
	EndGlobalSection
	GlobalSection(ProjectConfigurationPlatforms) = postSolution
		{F99FD0D7-4E83-45E8-9752-85237A6F7222}.Debug|Any CPU.ActiveCfg = Debug|Any CPU
		{F99FD0D7-4E83-45E8-9752-85237A6F7222}.Debug|Any CPU.Build.0 = Debug|Any CPU
		{F99FD0D7-4E83-45E8-9752-85237A6F7222}.Release|Any CPU.ActiveCfg = Release|Any CPU
		{F99FD0D7-4E83-45E8-9752-85237A6F7222}.Release|Any CPU.Build.0 = Release|Any CPU
		{369A0662-55FE-43B0-A31F-886DECFCFF32}.Debug|Any CPU.ActiveCfg = Debug|Any CPU
		{369A0662-55FE-43B0-A31F-886DECFCFF32}.Debug|Any CPU.Build.0 = Debug|Any CPU
		{369A0662-55FE-43B0-A31F-886DECFCFF32}.Release|Any CPU.ActiveCfg = Release|Any CPU
		{369A0662-55FE-43B0-A31F-886DECFCFF32}.Release|Any CPU.Build.0 = Release|Any CPU
		{A8C3DB05-658E-4D66-AAD3-4BB64FA27031}.Debug|Any CPU.ActiveCfg = Debug|Any CPU
		{A8C3DB05-658E-4D66-AAD3-4BB64FA27031}.Debug|Any CPU.Build.0 = Debug|Any CPU
		{A8C3DB05-658E-4D66-AAD3-4BB64FA27031}.Release|Any CPU.ActiveCfg = Release|Any CPU
		{A8C3DB05-658E-4D66-AAD3-4BB64FA27031}.Release|Any CPU.Build.0 = Release|Any CPU
		{CE0B5C05-73CE-42BC-9299-D3B36C0048EF}.Debug|Any CPU.ActiveCfg = Debug|Any CPU
		{CE0B5C05-73CE-42BC-9299-D3B36C0048EF}.Debug|Any CPU.Build.0 = Debug|Any CPU
		{CE0B5C05-73CE-42BC-9299-D3B36C0048EF}.Release|Any CPU.ActiveCfg = Release|Any CPU
		{CE0B5C05-73CE-42BC-9299-D3B36C0048EF}.Release|Any CPU.Build.0 = Release|Any CPU
		{2330C4BD-BD27-4631-8499-C60AFC8BB204}.Debug|Any CPU.ActiveCfg = Debug|Any CPU
		{2330C4BD-BD27-4631-8499-C60AFC8BB204}.Debug|Any CPU.Build.0 = Debug|Any CPU
		{2330C4BD-BD27-4631-8499-C60AFC8BB204}.Release|Any CPU.ActiveCfg = Release|Any CPU
		{2330C4BD-BD27-4631-8499-C60AFC8BB204}.Release|Any CPU.Build.0 = Release|Any CPU
		{2123EC92-E2B7-4DB9-9C01-D8939CFBC444}.Debug|Any CPU.ActiveCfg = Debug|Any CPU
		{2123EC92-E2B7-4DB9-9C01-D8939CFBC444}.Debug|Any CPU.Build.0 = Debug|Any CPU
		{2123EC92-E2B7-4DB9-9C01-D8939CFBC444}.Release|Any CPU.ActiveCfg = Release|Any CPU
		{2123EC92-E2B7-4DB9-9C01-D8939CFBC444}.Release|Any CPU.Build.0 = Release|Any CPU
	EndGlobalSection
	GlobalSection(SolutionProperties) = preSolution
		HideSolutionNode = FALSE
	EndGlobalSection
	GlobalSection(ExtensibilityGlobals) = postSolution
		SolutionGuid = {E9FF5B5A-515E-444A-B9A0-76FBE38EAD2D}
	EndGlobalSection
EndGlobal
